PODS:
  - SDWebImage (5.19.1):
    - SDWebImage/Core (= 5.19.1)
  - SDWebImage/Core (5.19.1)

DEPENDENCIES:
  - SDWebImage

SPEC REPOS:
  trunk:
    - SDWebImage

SPEC CHECKSUMS:
  SDWebImage: 40b0b4053e36c660a764958bff99eed16610acbb

PODFILE CHECKSUM: 7a95398ea34efbef4bbc3bfeedcf44af1591bf3b

COCOAPODS: 1.15.2
